
Microsoft Visual Studio Solution File, Format Version 12.00
# Visual Studio Version 17
VisualStudioVersion = 17.4.33213.308
MinimumVisualStudioVersion = 10.0.40219.1
Project("{FAE04EC0-301F-11D3-BF4B-00C04F79EFBC}") = "GitTest01", "GitTest01\GitTest01.csproj", "{4F9FFCC0-8DC5-410D-817C-A744F1E8A057}"
EndProject
Global
	GlobalSection(SolutionConfigurationPlatforms) = preSolution
		Debug|Any CPU = Debug|Any CPU
		Release|Any CPU = Release|Any CPU
	EndGlobalSection
	GlobalSection(ProjectConfigurationPlatforms) = postSolution
		{4F9FFCC0-8DC5-410D-817C-A744F1E8A057}.Debug|Any CPU.ActiveCfg = Debug|Any CPU
		{4F9FFCC0-8DC5-410D-817C-A744F1E8A057}.Debug|Any CPU.Build.0 = Debug|Any CPU
		{4F9FFCC0-8DC5-410D-817C-A744F1E8A057}.Release|Any CPU.ActiveCfg = Release|Any CPU
		{4F9FFCC0-8DC5-410D-817C-A744F1E8A057}.Release|Any CPU.Build.0 = Release|Any CPU
	EndGlobalSection
	GlobalSection(SolutionProperties) = preSolution
		HideSolutionNode = FALSE
	EndGlobalSection
	GlobalSection(ExtensibilityGlobals) = postSolution
		SolutionGuid = {8B31F2E8-8FFE-4BF5-AF12-B5206C171007}
	EndGlobalSection
EndGlobal
